// !$*UTF8*$!
{
	archiveVersion = 1;
	classes = {
	};
	objectVersion = 50;
	objects = {

/* Begin PBXBuildFile section */
		2B9D633724756B68000AC6C3 /* AppDelegate.m in Sources */ = {isa = PBXBuildFile; fileRef = 2B9D633624756B68000AC6C3 /* AppDelegate.m */; };
		2B9D633D24756B68000AC6C3 /* ViewController.m in Sources */ = {isa = PBXBuildFile; fileRef = 2B9D633C24756B68000AC6C3 /* ViewController.m */; };
		2B9D634224756B6B000AC6C3 /* Assets.xcassets in Resources */ = {isa = PBXBuildFile; fileRef = 2B9D634124756B6B000AC6C3 /* Assets.xcassets */; };
		2B9D634524756B6B000AC6C3 /* LaunchScreen.storyboard in Resources */ = {isa = PBXBuildFile; fileRef = 2B9D634324756B6B000AC6C3 /* LaunchScreen.storyboard */; };
		2B9D634824756B6B000AC6C3 /* main.m in Sources */ = {isa = PBXBuildFile; fileRef = 2B9D634724756B6B000AC6C3 /* main.m */; };
		2BB55FC5249B518A00EB5EB0 /* AnimationViewController.m in Sources */ = {isa = PBXBuildFile; fileRef = 2BB55FC4249B518A00EB5EB0 /* AnimationViewController.m */; };
		2BCD38DA247910B700673250 /* ComplexViewController.m in Sources */ = {isa = PBXBuildFile; fileRef = 2BCD38D9247910B700673250 /* ComplexViewController.m */; };
		2BCD38DC2479116B00673250 /* team.plist in Resources */ = {isa = PBXBuildFile; fileRef = 2BCD38DB2479116B00673250 /* team.plist */; };
/* End PBXBuildFile section */

/* Begin PBXFileReference section */
		2B9D633224756B68000AC6C3 /* AlertViewActionSheet.app */ = {isa = PBXFileReference; explicitFileType = wrapper.application; includeInIndex = 0; path = AlertViewActionSheet.app; sourceTree = BUILT_PRODUCTS_DIR; };
		2B9D633524756B68000AC6C3 /* AppDelegate.h */ = {isa = PBXFileReference; lastKnownFileType = sourcecode.c.h; path = AppDelegate.h; sourceTree = "<group>"; };
		2B9D633624756B68000AC6C3 /* AppDelegate.m */ = {isa = PBXFileReference; lastKnownFileType = sourcecode.c.objc; path = AppDelegate.m; sourceTree = "<group>"; };
		2B9D633B24756B68000AC6C3 /* ViewController.h */ = {isa = PBXFileReference; lastKnownFileType = sourcecode.c.h; path = ViewController.h; sourceTree = "<group>"; };
		2B9D633C24756B68000AC6C3 /* ViewController.m */ = {isa = PBXFileReference; lastKnownFileType = sourcecode.c.objc; path = ViewController.m; sourceTree = "<group>"; };
		2B9D634124756B6B000AC6C3 /* Assets.xcassets */ = {isa = PBXFileReference; lastKnownFileType = folder.assetcatalog; path = Assets.xcassets; sourceTree = "<group>"; };
		2B9D634424756B6B000AC6C3 /* Base */ = {isa = PBXFileReference; lastKnownFileType = file.storyboard; name = Base; path = Base.lproj/LaunchScreen.storyboard; sourceTree = "<group>"; };
		2B9D634624756B6B000AC6C3 /* Info.plist */ = {isa = PBXFileReference; lastKnownFileType = text.plist.xml; path = Info.plist; sourceTree = "<group>"; };
		2B9D634724756B6B000AC6C3 /* main.m */ = {isa = PBXFileReference; lastKnownFileType = sourcecode.c.objc; path = main.m; sourceTree = "<group>"; };
		2BB55FC3249B518A00EB5EB0 /* AnimationViewController.h */ = {isa = PBXFileReference; lastKnownFileType = sourcecode.c.h; path = AnimationViewController.h; sourceTree = "<group>"; };
		2BB55FC4249B518A00EB5EB0 /* AnimationViewController.m */ = {isa = PBXFileReference; lastKnownFileType = sourcecode.c.objc; path = AnimationViewController.m; sourceTree = "<group>"; };
		2BCD38D8247910B700673250 /* ComplexViewController.h */ = {isa = PBXFileReference; lastKnownFileType = sourcecode.c.h; path = ComplexViewController.h; sourceTree = "<group>"; };
		2BCD38D9247910B700673250 /* ComplexViewController.m */ = {isa = PBXFileReference; lastKnownFileType = sourcecode.c.objc; path = ComplexViewController.m; sourceTree = "<group>"; };
		2BCD38DB2479116B00673250 /* team.plist */ = {isa = PBXFileReference; lastKnownFileType = text.plist.xml; path = team.plist; sourceTree = "<group>"; };
/* End PBXFileReference section */

/* Begin PBXFrameworksBuildPhase section */
		2B9D632F24756B68000AC6C3 /* Frameworks */ = {
			isa = PBXFrameworksBuildPhase;
			buildActionMask = 2147483647;
			files = (
			);
			runOnlyForDeploymentPostprocessing = 0;
		};
/* End PBXFrameworksBuildPhase section */

/* Begin PBXGroup section */
		2B9D632924756B68000AC6C3 = {
			isa = PBXGroup;
			children = (
				2B9D633424756B68000AC6C3 /* AlertViewActionSheet */,
				2B9D633324756B68000AC6C3 /* Products */,
			);
			sourceTree = "<group>";
		};
		2B9D633324756B68000AC6C3 /* Products */ = {
			isa = PBXGroup;
			children = (
				2B9D633224756B68000AC6C3 /* AlertViewActionSheet.app */,
			);
			name = Products;
			sourceTree = "<group>";
		};
		2B9D633424756B68000AC6C3 /* AlertViewActionSheet */ = {
			isa = PBXGroup;
			children = (
				2B9D633524756B68000AC6C3 /* AppDelegate.h */,
				2B9D633624756B68000AC6C3 /* AppDelegate.m */,
				2BB55FC3249B518A00EB5EB0 /* AnimationViewController.h */,
				2BB55FC4249B518A00EB5EB0 /* AnimationViewController.m */,
				2B9D633B24756B68000AC6C3 /* ViewController.h */,
				2B9D633C24756B68000AC6C3 /* ViewController.m */,
				2B9D634124756B6B000AC6C3 /* Assets.xcassets */,
				2B9D634324756B6B000AC6C3 /* LaunchScreen.storyboard */,
				2B9D634624756B6B000AC6C3 /* Info.plist */,
				2B9D634724756B6B000AC6C3 /* main.m */,
				2BCD38D8247910B700673250 /* ComplexViewController.h */,
				2BCD38D9247910B700673250 /* ComplexViewController.m */,
				2BCD38DB2479116B00673250 /* team.plist */,
			);
			path = AlertViewActionSheet;
			sourceTree = "<group>";
		};
/* End PBXGroup section */

/* Begin PBXNativeTarget section */
		2B9D633124756B68000AC6C3 /* AlertViewActionSheet */ = {
			isa = PBXNativeTarget;
			buildConfigurationList = 2B9D634B24756B6B000AC6C3 /* Build configuration list for PBXNativeTarget "AlertViewActionSheet" */;
			buildPhases = (
				2B9D632E24756B68000AC6C3 /* Sources */,
				2B9D632F24756B68000AC6C3 /* Frameworks */,
				2B9D633024756B68000AC6C3 /* Resources */,
			);
			buildRules = (
			);
			dependencies = (
			);
			name = AlertViewActionSheet;
			productName = AlertViewActionSheet;
			productReference = 2B9D633224756B68000AC6C3 /* AlertViewActionSheet.app */;
			productType = "com.apple.product-type.application";
		};
/* End PBXNativeTarget section */

/* Begin PBXProject section */
		2B9D632A24756B68000AC6C3 /* Project object */ = {
			isa = PBXProject;
			attributes = {
				LastUpgradeCheck = 1140;
				ORGANIZATIONNAME = Bytedance;
				TargetAttributes = {
					2B9D633124756B68000AC6C3 = {
						CreatedOnToolsVersion = 11.4.1;
					};
				};
			};
			buildConfigurationList = 2B9D632D24756B68000AC6C3 /* Build configuration list for PBXProject "AlertViewActionSheet" */;
			compatibilityVersion = "Xcode 9.3";
			developmentRegion = en;
			hasScannedForEncodings = 0;
			knownRegions = (
				en,
				Base,
			);
			mainGroup = 2B9D632924756B68000AC6C3;
			productRefGroup = 2B9D633324756B68000AC6C3 /* Products */;
			projectDirPath = "";
			projectRoot = "";
			targets = (
				2B9D633124756B68000AC6C3 /* AlertViewActionSheet */,
			);
		};
/* End PBXProject section */

/* Begin PBXResourcesBuildPhase section */
		2B9D633024756B68000AC6C3 /* Resources */ = {
			isa = PBXResourcesBuildPhase;
			buildActionMask = 2147483647;
			files = (
				2B9D634524756B6B000AC6C3 /* LaunchScreen.storyboard in Resources */,
				2BCD38DC2479116B00673250 /* team.plist in Resources */,
				2B9D634224756B6B000AC6C3 /* Assets.xcassets in Resources */,
			);
			runOnlyForDeploymentPostprocessing = 0;
		};
/* End PBXResourcesBuildPhase section */

/* Begin PBXSourcesBuildPhase section */
		2B9D632E24756B68000AC6C3 /* Sources */ = {
			isa = PBXSourcesBuildPhase;
			buildActionMask = 2147483647;
			files = (
				2B9D633D24756B68000AC6C3 /* ViewController.m in Sources */,
				2BCD38DA247910B700673250 /* ComplexViewController.m in Sources */,
				2BB55FC5249B518A00EB5EB0 /* AnimationViewController.m in Sources */,
				2B9D633724756B68000AC6C3 /* AppDelegate.m in Sources */,
				2B9D634824756B6B000AC6C3 /* main.m in Sources */,
			);
			runOnlyForDeploymentPostprocessing = 0;
		};
/* End PBXSourcesBuildPhase section */

/* Begin PBXVariantGroup section */
		2B9D634324756B6B000AC6C3 /* LaunchScreen.storyboard */ = {
			isa = PBXVariantGroup;
			children = (
				2B9D634424756B6B000AC6C3 /* Base */,
			);
			name = LaunchScreen.storyboard;
			sourceTree = "<group>";
		};
/* End PBXVariantGroup section */

/* Begin XCBuildConfiguration section */
		2B9D634924756B6B000AC6C3 /* Debug */ = {
			isa = XCBuildConfiguration;
			buildSettings = {
				ALWAYS_SEARCH_USER_PATHS = NO;
				CLANG_ANALYZER_NONNULL = YES;
				CLANG_ANALYZER_NUMBER_OBJECT_CONVERSION = YES_AGGRESSIVE;
				CLANG_CXX_LANGUAGE_STANDARD = "gnu++14";
				CLANG_CXX_LIBRARY = "libc++";
				CLANG_ENABLE_MODULES = YES;
				CLANG_ENABLE_OBJC_ARC = YES;
				CLANG_ENABLE_OBJC_WEAK = YES;
				CLANG_WARN_BLOCK_CAPTURE_AUTORELEASING = YES;
				CLANG_WARN_BOOL_CONVERSION = YES;
				CLANG_WARN_COMMA = YES;
				CLANG_WARN_CONSTANT_CONVERSION = YES;
				CLANG_WARN_DEPRECATED_OBJC_IMPLEMENTATIONS = YES;
				CLANG_WARN_DIRECT_OBJC_ISA_USAGE = YES_ERROR;
				CLANG_WARN_DOCUMENTATION_COMMENTS = YES;
				CLANG_WARN_EMPTY_BODY = YES;
				CLANG_WARN_ENUM_CONVERSION = YES;
				CLANG_WARN_INFINITE_RECURSION = YES;
				CLANG_WARN_INT_CONVERSION = YES;
				CLANG_WARN_NON_LITERAL_NULL_CONVERSION = YES;
				CLANG_WARN_OBJC_IMPLICIT_RETAIN_SELF = YES;
				CLANG_WARN_OBJC_LITERAL_CONVERSION = YES;
				CLANG_WARN_OBJC_ROOT_CLASS = YES_ERROR;
				CLANG_WARN_RANGE_LOOP_ANALYSIS = YES;
				CLANG_WARN_STRICT_PROTOTYPES = YES;
				CLANG_WARN_SUSPICIOUS_MOVE = YES;
				CLANG_WARN_UNGUARDED_AVAILABILITY = YES_AGGRESSIVE;
				CLANG_WARN_UNREACHABLE_CODE = YES;
				CLANG_WARN__DUPLICATE_METHOD_MATCH = YES;
				COPY_PHASE_STRIP = NO;
				DEBUG_INFORMATION_FORMAT = dwarf;
				ENABLE_STRICT_OBJC_MSGSEND = YES;
				ENABLE_TESTABILITY = YES;
				GCC_C_LANGUAGE_STANDARD = gnu11;
				GCC_DYNAMIC_NO_PIC = NO;
				GCC_NO_COMMON_BLOCKS = YES;
				GCC_OPTIMIZATION_LEVEL = 0;
				GCC_PREPROCESSOR_DEFINITIONS = (
					"DEBUG=1",
					"$(inherited)",
				);
				GCC_WARN_64_TO_32_BIT_CONVERSION = YES;
				GCC_WARN_ABOUT_RETURN_TYPE = YES_ERROR;
				GCC_WARN_UNDECLARED_SELECTOR = YES;
				GCC_WARN_UNINITIALIZED_AUTOS = YES_AGGRESSIVE;
				GCC_WARN_UNUSED_FUNCTION = YES;
				GCC_WARN_UNUSED_VARIABLE = YES;
				IPHONEOS_DEPLOYMENT_TARGET = 13.4;
				MTL_ENABLE_DEBUG_INFO = INCLUDE_SOURCE;
				MTL_FAST_MATH = YES;
				ONLY_ACTIVE_ARCH = YES;
				SDKROOT = iphoneos;
			};
			name = Debug;
		};
		2B9D634A24756B6B000AC6C3 /* Release */ = {
			isa = XCBuildConfiguration;
			buildSettings = {
				ALWAYS_SEARCH_USER_PATHS = NO;
				CLANG_ANALYZER_NONNULL = YES;
				CLANG_ANALYZER_NUMBER_OBJECT_CONVERSION = YES_AGGRESSIVE;
				CLANG_CXX_LANGUAGE_STANDARD = "gnu++14";
				CLANG_CXX_LIBRARY = "libc++";
				CLANG_ENABLE_MODULES = YES;
				CLANG_ENABLE_OBJC_ARC = YES;
				CLANG_ENABLE_OBJC_WEAK = YES;
				CLANG_WARN_BLOCK_CAPTURE_AUTORELEASING = YES;
				CLANG_WARN_BOOL_CONVERSION = YES;
				CLANG_WARN_COMMA = YES;
				CLANG_WARN_CONSTANT_CONVERSION = YES;
				CLANG_WARN_DEPRECATED_OBJC_IMPLEMENTATIONS = YES;
				CLANG_WARN_DIRECT_OBJC_ISA_USAGE = YES_ERROR;
				CLANG_WARN_DOCUMENTATION_COMMENTS = YES;
				CLANG_WARN_EMPTY_BODY = YES;
				CLANG_WARN_ENUM_CONVERSION = YES;
				CLANG_WARN_INFINITE_RECURSION = YES;
				CLANG_WARN_INT_CONVERSION = YES;
				CLANG_WARN_NON_LITERAL_NULL_CONVERSION = YES;
				CLANG_WARN_OBJC_IMPLICIT_RETAIN_SELF = YES;
				CLANG_WARN_OBJC_LITERAL_CONVERSION = YES;
				CLANG_WARN_OBJC_ROOT_CLASS = YES_ERROR;
				CLANG_WARN_RANGE_LOOP_ANALYSIS = YES;
				CLANG_WARN_STRICT_PROTOTYPES = YES;
				CLANG_WARN_SUSPICIOUS_MOVE = YES;
				CLANG_WARN_UNGUARDED_AVAILABILITY = YES_AGGRESSIVE;
				CLANG_WARN_UNREACHABLE_CODE = YES;
				CLANG_WARN__DUPLICATE_METHOD_MATCH = YES;
				COPY_PHASE_STRIP = NO;
				DEBUG_INFORMATION_FORMAT = "dwarf-with-dsym";
				ENABLE_NS_ASSERTIONS = NO;
				ENABLE_STRICT_OBJC_MSGSEND = YES;
				GCC_C_LANGUAGE_STANDARD = gnu11;
				GCC_NO_COMMON_BLOCKS = YES;
				GCC_WARN_64_TO_32_BIT_CONVERSION = YES;
				GCC_WARN_ABOUT_RETURN_TYPE = YES_ERROR;
				GCC_WARN_UNDECLARED_SELECTOR = YES;
				GCC_WARN_UNINITIALIZED_AUTOS = YES_AGGRESSIVE;
				GCC_WARN_UNUSED_FUNCTION = YES;
				GCC_WARN_UNUSED_VARIABLE = YES;
				IPHONEOS_DEPLOYMENT_TARGET = 13.4;
				MTL_ENABLE_DEBUG_INFO = NO;
				MTL_FAST_MATH = YES;
				SDKROOT = iphoneos;
				VALIDATE_PRODUCT = YES;
			};
			name = Release;
		};
		2B9D634C24756B6B000AC6C3 /* Debug */ = {
			isa = XCBuildConfiguration;
			buildSettings = {
				ASSETCATALOG_COMPILER_APPICON_NAME = AppIcon;
				CLANG_ENABLE_OBJC_ARC = YES;
				CODE_SIGN_STYLE = Automatic;
				INFOPLIST_FILE = AlertViewActionSheet/Info.plist;
				LD_RUNPATH_SEARCH_PATHS = (
					"$(inherited)",
					"@executable_path/Frameworks",
				);
				PRODUCT_BUNDLE_IDENTIFIER = LJY.AlertViewActionSheet;
				PRODUCT_NAME = "$(TARGET_NAME)";
				TARGETED_DEVICE_FAMILY = "1,2";
			};
			name = Debug;
		};
		2B9D634D24756B6B000AC6C3 /* Release */ = {
			isa = XCBuildConfiguration;
			buildSettings = {
				ASSETCATALOG_COMPILER_APPICON_NAME = AppIcon;
				CLANG_ENABLE_OBJC_ARC = YES;
				CODE_SIGN_STYLE = Automatic;
				INFOPLIST_FILE = AlertViewActionSheet/Info.plist;
				LD_RUNPATH_SEARCH_PATHS = (
					"$(inherited)",
					"@executable_path/Frameworks",
				);
				PRODUCT_BUNDLE_IDENTIFIER = LJY.AlertViewActionSheet;
				PRODUCT_NAME = "$(TARGET_NAME)";
				TARGETED_DEVICE_FAMILY = "1,2";
			};
			name = Release;
		};
/* End XCBuildConfiguration section */

/* Begin XCConfigurationList section */
		2B9D632D24756B68000AC6C3 /* Build configuration list for PBXProject "AlertViewActionSheet" */ = {
			isa = XCConfigurationList;
			buildConfigurations = (
				2B9D634924756B6B000AC6C3 /* Debug */,
				2B9D634A24756B6B000AC6C3 /* Release */,
			);
			defaultConfigurationIsVisible = 0;
			defaultConfigurationName = Release;
		};
		2B9D634B24756B6B000AC6C3 /* Build configuration list for PBXNativeTarget "AlertViewActionSheet" */ = {
			isa = XCConfigurationList;
			buildConfigurations = (
				2B9D634C24756B6B000AC6C3 /* Debug */,
				2B9D634D24756B6B000AC6C3 /* Release */,
			);
			defaultConfigurationIsVisible = 0;
			defaultConfigurationName = Release;
		};
/* End XCConfigurationList section */
	};
	rootObject = 2B9D632A24756B68000AC6C3 /* Project object */;
}
