// !$*UTF8*$!
{
	archiveVersion = 1;
	classes = {
	};
	objectVersion = 50;
	objects = {

/* Begin PBXBuildFile section */
		2B2853A824A9DE290002CEA0 /* AppDelegate.m in Sources */ = {isa = PBXBuildFile; fileRef = 2B2853A724A9DE290002CEA0 /* AppDelegate.m */; };
		2B2853AE24A9DE290002CEA0 /* ViewController.m in Sources */ = {isa = PBXBuildFile; fileRef = 2B2853AD24A9DE290002CEA0 /* ViewController.m */; };
		2B2853B324A9DE2A0002CEA0 /* Assets.xcassets in Resources */ = {isa = PBXBuildFile; fileRef = 2B2853B224A9DE2A0002CEA0 /* Assets.xcassets */; };
		2B2853B624A9DE2A0002CEA0 /* LaunchScreen.storyboard in Resources */ = {isa = PBXBuildFile; fileRef = 2B2853B424A9DE2A0002CEA0 /* LaunchScreen.storyboard */; };
		2B2853B924A9DE2A0002CEA0 /* main.m in Sources */ = {isa = PBXBuildFile; fileRef = 2B2853B824A9DE2A0002CEA0 /* main.m */; };
		2B2853C124A9DF520002CEA0 /* AnimationViewController.m in Sources */ = {isa = PBXBuildFile; fileRef = 2B2853C024A9DF520002CEA0 /* AnimationViewController.m */; };
		2B2853C424A9F86D0002CEA0 /* fishhook.c in Sources */ = {isa = PBXBuildFile; fileRef = 2B2853C224A9F86D0002CEA0 /* fishhook.c */; };
		2BC5DD0724ACD018003BFC23 /* ggStoryboard.storyboard in Resources */ = {isa = PBXBuildFile; fileRef = 2BC5DD0624ACD018003BFC23 /* ggStoryboard.storyboard */; };
/* End PBXBuildFile section */

/* Begin PBXFileReference section */
		2B2853A324A9DE290002CEA0 /* ChildThreadUIError.app */ = {isa = PBXFileReference; explicitFileType = wrapper.application; includeInIndex = 0; path = ChildThreadUIError.app; sourceTree = BUILT_PRODUCTS_DIR; };
		2B2853A624A9DE290002CEA0 /* AppDelegate.h */ = {isa = PBXFileReference; lastKnownFileType = sourcecode.c.h; path = AppDelegate.h; sourceTree = "<group>"; };
		2B2853A724A9DE290002CEA0 /* AppDelegate.m */ = {isa = PBXFileReference; lastKnownFileType = sourcecode.c.objc; path = AppDelegate.m; sourceTree = "<group>"; };
		2B2853AC24A9DE290002CEA0 /* ViewController.h */ = {isa = PBXFileReference; lastKnownFileType = sourcecode.c.h; path = ViewController.h; sourceTree = "<group>"; };
		2B2853AD24A9DE290002CEA0 /* ViewController.m */ = {isa = PBXFileReference; lastKnownFileType = sourcecode.c.objc; path = ViewController.m; sourceTree = "<group>"; };
		2B2853B224A9DE2A0002CEA0 /* Assets.xcassets */ = {isa = PBXFileReference; lastKnownFileType = folder.assetcatalog; path = Assets.xcassets; sourceTree = "<group>"; };
		2B2853B524A9DE2A0002CEA0 /* Base */ = {isa = PBXFileReference; lastKnownFileType = file.storyboard; name = Base; path = Base.lproj/LaunchScreen.storyboard; sourceTree = "<group>"; };
		2B2853B724A9DE2A0002CEA0 /* Info.plist */ = {isa = PBXFileReference; lastKnownFileType = text.plist.xml; path = Info.plist; sourceTree = "<group>"; };
		2B2853B824A9DE2A0002CEA0 /* main.m */ = {isa = PBXFileReference; lastKnownFileType = sourcecode.c.objc; path = main.m; sourceTree = "<group>"; };
		2B2853BF24A9DF520002CEA0 /* AnimationViewController.h */ = {isa = PBXFileReference; fileEncoding = 4; lastKnownFileType = sourcecode.c.h; path = AnimationViewController.h; sourceTree = "<group>"; };
		2B2853C024A9DF520002CEA0 /* AnimationViewController.m */ = {isa = PBXFileReference; fileEncoding = 4; lastKnownFileType = sourcecode.c.objc; path = AnimationViewController.m; sourceTree = "<group>"; };
		2B2853C224A9F86D0002CEA0 /* fishhook.c */ = {isa = PBXFileReference; fileEncoding = 4; lastKnownFileType = sourcecode.c.c; path = fishhook.c; sourceTree = "<group>"; };
		2B2853C324A9F86D0002CEA0 /* fishhook.h */ = {isa = PBXFileReference; fileEncoding = 4; lastKnownFileType = sourcecode.c.h; path = fishhook.h; sourceTree = "<group>"; };
		2BC5DD0624ACD018003BFC23 /* ggStoryboard.storyboard */ = {isa = PBXFileReference; lastKnownFileType = file.storyboard; path = ggStoryboard.storyboard; sourceTree = "<group>"; };
/* End PBXFileReference section */

/* Begin PBXFrameworksBuildPhase section */
		2B2853A024A9DE290002CEA0 /* Frameworks */ = {
			isa = PBXFrameworksBuildPhase;
			buildActionMask = 2147483647;
			files = (
			);
			runOnlyForDeploymentPostprocessing = 0;
		};
/* End PBXFrameworksBuildPhase section */

/* Begin PBXGroup section */
		2B28539A24A9DE290002CEA0 = {
			isa = PBXGroup;
			children = (
				2BC5DD0624ACD018003BFC23 /* ggStoryboard.storyboard */,
				2B2853A524A9DE290002CEA0 /* ChildThreadUIError */,
				2B2853A424A9DE290002CEA0 /* Products */,
			);
			sourceTree = "<group>";
		};
		2B2853A424A9DE290002CEA0 /* Products */ = {
			isa = PBXGroup;
			children = (
				2B2853A324A9DE290002CEA0 /* ChildThreadUIError.app */,
			);
			name = Products;
			sourceTree = "<group>";
		};
		2B2853A524A9DE290002CEA0 /* ChildThreadUIError */ = {
			isa = PBXGroup;
			children = (
				2B2853A624A9DE290002CEA0 /* AppDelegate.h */,
				2B2853A724A9DE290002CEA0 /* AppDelegate.m */,
				2B2853AC24A9DE290002CEA0 /* ViewController.h */,
				2B2853AD24A9DE290002CEA0 /* ViewController.m */,
				2B2853BF24A9DF520002CEA0 /* AnimationViewController.h */,
				2B2853C024A9DF520002CEA0 /* AnimationViewController.m */,
				2B2853C224A9F86D0002CEA0 /* fishhook.c */,
				2B2853C324A9F86D0002CEA0 /* fishhook.h */,
				2B2853B224A9DE2A0002CEA0 /* Assets.xcassets */,
				2B2853B424A9DE2A0002CEA0 /* LaunchScreen.storyboard */,
				2B2853B724A9DE2A0002CEA0 /* Info.plist */,
				2B2853B824A9DE2A0002CEA0 /* main.m */,
			);
			path = ChildThreadUIError;
			sourceTree = "<group>";
		};
/* End PBXGroup section */

/* Begin PBXNativeTarget section */
		2B2853A224A9DE290002CEA0 /* ChildThreadUIError */ = {
			isa = PBXNativeTarget;
			buildConfigurationList = 2B2853BC24A9DE2A0002CEA0 /* Build configuration list for PBXNativeTarget "ChildThreadUIError" */;
			buildPhases = (
				2B28539F24A9DE290002CEA0 /* Sources */,
				2B2853A024A9DE290002CEA0 /* Frameworks */,
				2B2853A124A9DE290002CEA0 /* Resources */,
			);
			buildRules = (
			);
			dependencies = (
			);
			name = ChildThreadUIError;
			productName = ChildThreadUIError;
			productReference = 2B2853A324A9DE290002CEA0 /* ChildThreadUIError.app */;
			productType = "com.apple.product-type.application";
		};
/* End PBXNativeTarget section */

/* Begin PBXProject section */
		2B28539B24A9DE290002CEA0 /* Project object */ = {
			isa = PBXProject;
			attributes = {
				LastUpgradeCheck = 1150;
				ORGANIZATIONNAME = Bytedance;
				TargetAttributes = {
					2B2853A224A9DE290002CEA0 = {
						CreatedOnToolsVersion = 11.5;
					};
				};
			};
			buildConfigurationList = 2B28539E24A9DE290002CEA0 /* Build configuration list for PBXProject "ChildThreadUIError" */;
			compatibilityVersion = "Xcode 9.3";
			developmentRegion = en;
			hasScannedForEncodings = 0;
			knownRegions = (
				en,
				Base,
			);
			mainGroup = 2B28539A24A9DE290002CEA0;
			productRefGroup = 2B2853A424A9DE290002CEA0 /* Products */;
			projectDirPath = "";
			projectRoot = "";
			targets = (
				2B2853A224A9DE290002CEA0 /* ChildThreadUIError */,
			);
		};
/* End PBXProject section */

/* Begin PBXResourcesBuildPhase section */
		2B2853A124A9DE290002CEA0 /* Resources */ = {
			isa = PBXResourcesBuildPhase;
			buildActionMask = 2147483647;
			files = (
				2BC5DD0724ACD018003BFC23 /* ggStoryboard.storyboard in Resources */,
				2B2853B624A9DE2A0002CEA0 /* LaunchScreen.storyboard in Resources */,
				2B2853B324A9DE2A0002CEA0 /* Assets.xcassets in Resources */,
			);
			runOnlyForDeploymentPostprocessing = 0;
		};
/* End PBXResourcesBuildPhase section */

/* Begin PBXSourcesBuildPhase section */
		2B28539F24A9DE290002CEA0 /* Sources */ = {
			isa = PBXSourcesBuildPhase;
			buildActionMask = 2147483647;
			files = (
				2B2853AE24A9DE290002CEA0 /* ViewController.m in Sources */,
				2B2853C424A9F86D0002CEA0 /* fishhook.c in Sources */,
				2B2853A824A9DE290002CEA0 /* AppDelegate.m in Sources */,
				2B2853B924A9DE2A0002CEA0 /* main.m in Sources */,
				2B2853C124A9DF520002CEA0 /* AnimationViewController.m in Sources */,
			);
			runOnlyForDeploymentPostprocessing = 0;
		};
/* End PBXSourcesBuildPhase section */

/* Begin PBXVariantGroup section */
		2B2853B424A9DE2A0002CEA0 /* LaunchScreen.storyboard */ = {
			isa = PBXVariantGroup;
			children = (
				2B2853B524A9DE2A0002CEA0 /* Base */,
			);
			name = LaunchScreen.storyboard;
			sourceTree = "<group>";
		};
/* End PBXVariantGroup section */

/* Begin XCBuildConfiguration section */
		2B2853BA24A9DE2A0002CEA0 /* Debug */ = {
			isa = XCBuildConfiguration;
			buildSettings = {
				ALWAYS_SEARCH_USER_PATHS = NO;
				CLANG_ANALYZER_NONNULL = YES;
				CLANG_ANALYZER_NUMBER_OBJECT_CONVERSION = YES_AGGRESSIVE;
				CLANG_CXX_LANGUAGE_STANDARD = "gnu++14";
				CLANG_CXX_LIBRARY = "libc++";
				CLANG_ENABLE_MODULES = YES;
				CLANG_ENABLE_OBJC_ARC = YES;
				CLANG_ENABLE_OBJC_WEAK = YES;
				CLANG_WARN_BLOCK_CAPTURE_AUTORELEASING = YES;
				CLANG_WARN_BOOL_CONVERSION = YES;
				CLANG_WARN_COMMA = YES;
				CLANG_WARN_CONSTANT_CONVERSION = YES;
				CLANG_WARN_DEPRECATED_OBJC_IMPLEMENTATIONS = YES;
				CLANG_WARN_DIRECT_OBJC_ISA_USAGE = YES_ERROR;
				CLANG_WARN_DOCUMENTATION_COMMENTS = YES;
				CLANG_WARN_EMPTY_BODY = YES;
				CLANG_WARN_ENUM_CONVERSION = YES;
				CLANG_WARN_INFINITE_RECURSION = YES;
				CLANG_WARN_INT_CONVERSION = YES;
				CLANG_WARN_NON_LITERAL_NULL_CONVERSION = YES;
				CLANG_WARN_OBJC_IMPLICIT_RETAIN_SELF = YES;
				CLANG_WARN_OBJC_LITERAL_CONVERSION = YES;
				CLANG_WARN_OBJC_ROOT_CLASS = YES_ERROR;
				CLANG_WARN_RANGE_LOOP_ANALYSIS = YES;
				CLANG_WARN_STRICT_PROTOTYPES = YES;
				CLANG_WARN_SUSPICIOUS_MOVE = YES;
				CLANG_WARN_UNGUARDED_AVAILABILITY = YES_AGGRESSIVE;
				CLANG_WARN_UNREACHABLE_CODE = YES;
				CLANG_WARN__DUPLICATE_METHOD_MATCH = YES;
				COPY_PHASE_STRIP = NO;
				DEBUG_INFORMATION_FORMAT = dwarf;
				ENABLE_STRICT_OBJC_MSGSEND = YES;
				ENABLE_TESTABILITY = YES;
				GCC_C_LANGUAGE_STANDARD = gnu11;
				GCC_DYNAMIC_NO_PIC = NO;
				GCC_NO_COMMON_BLOCKS = YES;
				GCC_OPTIMIZATION_LEVEL = 0;
				GCC_PREPROCESSOR_DEFINITIONS = (
					"DEBUG=1",
					"$(inherited)",
				);
				GCC_WARN_64_TO_32_BIT_CONVERSION = YES;
				GCC_WARN_ABOUT_RETURN_TYPE = YES_ERROR;
				GCC_WARN_UNDECLARED_SELECTOR = YES;
				GCC_WARN_UNINITIALIZED_AUTOS = YES_AGGRESSIVE;
				GCC_WARN_UNUSED_FUNCTION = YES;
				GCC_WARN_UNUSED_VARIABLE = YES;
				IPHONEOS_DEPLOYMENT_TARGET = 13.5;
				MTL_ENABLE_DEBUG_INFO = INCLUDE_SOURCE;
				MTL_FAST_MATH = YES;
				ONLY_ACTIVE_ARCH = YES;
				SDKROOT = iphoneos;
			};
			name = Debug;
		};
		2B2853BB24A9DE2A0002CEA0 /* Release */ = {
			isa = XCBuildConfiguration;
			buildSettings = {
				ALWAYS_SEARCH_USER_PATHS = NO;
				CLANG_ANALYZER_NONNULL = YES;
				CLANG_ANALYZER_NUMBER_OBJECT_CONVERSION = YES_AGGRESSIVE;
				CLANG_CXX_LANGUAGE_STANDARD = "gnu++14";
				CLANG_CXX_LIBRARY = "libc++";
				CLANG_ENABLE_MODULES = YES;
				CLANG_ENABLE_OBJC_ARC = YES;
				CLANG_ENABLE_OBJC_WEAK = YES;
				CLANG_WARN_BLOCK_CAPTURE_AUTORELEASING = YES;
				CLANG_WARN_BOOL_CONVERSION = YES;
				CLANG_WARN_COMMA = YES;
				CLANG_WARN_CONSTANT_CONVERSION = YES;
				CLANG_WARN_DEPRECATED_OBJC_IMPLEMENTATIONS = YES;
				CLANG_WARN_DIRECT_OBJC_ISA_USAGE = YES_ERROR;
				CLANG_WARN_DOCUMENTATION_COMMENTS = YES;
				CLANG_WARN_EMPTY_BODY = YES;
				CLANG_WARN_ENUM_CONVERSION = YES;
				CLANG_WARN_INFINITE_RECURSION = YES;
				CLANG_WARN_INT_CONVERSION = YES;
				CLANG_WARN_NON_LITERAL_NULL_CONVERSION = YES;
				CLANG_WARN_OBJC_IMPLICIT_RETAIN_SELF = YES;
				CLANG_WARN_OBJC_LITERAL_CONVERSION = YES;
				CLANG_WARN_OBJC_ROOT_CLASS = YES_ERROR;
				CLANG_WARN_RANGE_LOOP_ANALYSIS = YES;
				CLANG_WARN_STRICT_PROTOTYPES = YES;
				CLANG_WARN_SUSPICIOUS_MOVE = YES;
				CLANG_WARN_UNGUARDED_AVAILABILITY = YES_AGGRESSIVE;
				CLANG_WARN_UNREACHABLE_CODE = YES;
				CLANG_WARN__DUPLICATE_METHOD_MATCH = YES;
				COPY_PHASE_STRIP = NO;
				DEBUG_INFORMATION_FORMAT = "dwarf-with-dsym";
				ENABLE_NS_ASSERTIONS = NO;
				ENABLE_STRICT_OBJC_MSGSEND = YES;
				GCC_C_LANGUAGE_STANDARD = gnu11;
				GCC_NO_COMMON_BLOCKS = YES;
				GCC_WARN_64_TO_32_BIT_CONVERSION = YES;
				GCC_WARN_ABOUT_RETURN_TYPE = YES_ERROR;
				GCC_WARN_UNDECLARED_SELECTOR = YES;
				GCC_WARN_UNINITIALIZED_AUTOS = YES_AGGRESSIVE;
				GCC_WARN_UNUSED_FUNCTION = YES;
				GCC_WARN_UNUSED_VARIABLE = YES;
				IPHONEOS_DEPLOYMENT_TARGET = 13.5;
				MTL_ENABLE_DEBUG_INFO = NO;
				MTL_FAST_MATH = YES;
				SDKROOT = iphoneos;
				VALIDATE_PRODUCT = YES;
			};
			name = Release;
		};
		2B2853BD24A9DE2A0002CEA0 /* Debug */ = {
			isa = XCBuildConfiguration;
			buildSettings = {
				ASSETCATALOG_COMPILER_APPICON_NAME = AppIcon;
				CODE_SIGN_STYLE = Automatic;
				INFOPLIST_FILE = ChildThreadUIError/Info.plist;
				LD_RUNPATH_SEARCH_PATHS = (
					"$(inherited)",
					"@executable_path/Frameworks",
				);
				PRODUCT_BUNDLE_IDENTIFIER = LJY.ChildThreadUIError;
				PRODUCT_NAME = "$(TARGET_NAME)";
				TARGETED_DEVICE_FAMILY = "1,2";
			};
			name = Debug;
		};
		2B2853BE24A9DE2A0002CEA0 /* Release */ = {
			isa = XCBuildConfiguration;
			buildSettings = {
				ASSETCATALOG_COMPILER_APPICON_NAME = AppIcon;
				CODE_SIGN_STYLE = Automatic;
				INFOPLIST_FILE = ChildThreadUIError/Info.plist;
				LD_RUNPATH_SEARCH_PATHS = (
					"$(inherited)",
					"@executable_path/Frameworks",
				);
				PRODUCT_BUNDLE_IDENTIFIER = LJY.ChildThreadUIError;
				PRODUCT_NAME = "$(TARGET_NAME)";
				TARGETED_DEVICE_FAMILY = "1,2";
			};
			name = Release;
		};
/* End XCBuildConfiguration section */

/* Begin XCConfigurationList section */
		2B28539E24A9DE290002CEA0 /* Build configuration list for PBXProject "ChildThreadUIError" */ = {
			isa = XCConfigurationList;
			buildConfigurations = (
				2B2853BA24A9DE2A0002CEA0 /* Debug */,
				2B2853BB24A9DE2A0002CEA0 /* Release */,
			);
			defaultConfigurationIsVisible = 0;
			defaultConfigurationName = Release;
		};
		2B2853BC24A9DE2A0002CEA0 /* Build configuration list for PBXNativeTarget "ChildThreadUIError" */ = {
			isa = XCConfigurationList;
			buildConfigurations = (
				2B2853BD24A9DE2A0002CEA0 /* Debug */,
				2B2853BE24A9DE2A0002CEA0 /* Release */,
			);
			defaultConfigurationIsVisible = 0;
			defaultConfigurationName = Release;
		};
/* End XCConfigurationList section */
	};
	rootObject = 2B28539B24A9DE290002CEA0 /* Project object */;
}
