// !$*UTF8*$!
{
	archiveVersion = 1;
	classes = {
	};
	objectVersion = 51;
	objects = {

/* Begin PBXBuildFile section */
		215D95A769D14AC2F6EF46A5 /* Pods_homework_1_ocBasics.framework in Frameworks */ = {isa = PBXBuildFile; fileRef = 05E96D6748BD75B190B2B317 /* Pods_homework_1_ocBasics.framework */; };
		2B7D38F624BF01D6000EF7EC /* AppDelegate.m in Sources */ = {isa = PBXBuildFile; fileRef = 2B7D38F524BF01D6000EF7EC /* AppDelegate.m */; };
		2B7D38FC24BF01D6000EF7EC /* ViewController.m in Sources */ = {isa = PBXBuildFile; fileRef = 2B7D38FB24BF01D6000EF7EC /* ViewController.m */; };
		2B7D390124BF01D8000EF7EC /* Assets.xcassets in Resources */ = {isa = PBXBuildFile; fileRef = 2B7D390024BF01D8000EF7EC /* Assets.xcassets */; };
		2B7D390424BF01D8000EF7EC /* LaunchScreen.storyboard in Resources */ = {isa = PBXBuildFile; fileRef = 2B7D390224BF01D8000EF7EC /* LaunchScreen.storyboard */; };
		2B7D390724BF01D8000EF7EC /* main.m in Sources */ = {isa = PBXBuildFile; fileRef = 2B7D390624BF01D8000EF7EC /* main.m */; };
		2B7D390E24BF33CF000EF7EC /* JsonBundle.bundle in Resources */ = {isa = PBXBuildFile; fileRef = 2B7D390D24BF33CF000EF7EC /* JsonBundle.bundle */; };
		2B7D3CB324C012FE000EF7EC /* personMesModel.m in Sources */ = {isa = PBXBuildFile; fileRef = 2B7D3CB224C012FE000EF7EC /* personMesModel.m */; };
/* End PBXBuildFile section */

/* Begin PBXFileReference section */
		05E96D6748BD75B190B2B317 /* Pods_homework_1_ocBasics.framework */ = {isa = PBXFileReference; explicitFileType = wrapper.framework; includeInIndex = 0; path = Pods_homework_1_ocBasics.framework; sourceTree = BUILT_PRODUCTS_DIR; };
		2B7D38F124BF01D6000EF7EC /* homework_1_ocBasics.app */ = {isa = PBXFileReference; explicitFileType = wrapper.application; includeInIndex = 0; path = homework_1_ocBasics.app; sourceTree = BUILT_PRODUCTS_DIR; };
		2B7D38F424BF01D6000EF7EC /* AppDelegate.h */ = {isa = PBXFileReference; lastKnownFileType = sourcecode.c.h; path = AppDelegate.h; sourceTree = "<group>"; };
		2B7D38F524BF01D6000EF7EC /* AppDelegate.m */ = {isa = PBXFileReference; lastKnownFileType = sourcecode.c.objc; path = AppDelegate.m; sourceTree = "<group>"; };
		2B7D38FA24BF01D6000EF7EC /* ViewController.h */ = {isa = PBXFileReference; lastKnownFileType = sourcecode.c.h; path = ViewController.h; sourceTree = "<group>"; };
		2B7D38FB24BF01D6000EF7EC /* ViewController.m */ = {isa = PBXFileReference; lastKnownFileType = sourcecode.c.objc; path = ViewController.m; sourceTree = "<group>"; };
		2B7D390024BF01D8000EF7EC /* Assets.xcassets */ = {isa = PBXFileReference; lastKnownFileType = folder.assetcatalog; path = Assets.xcassets; sourceTree = "<group>"; };
		2B7D390324BF01D8000EF7EC /* Base */ = {isa = PBXFileReference; lastKnownFileType = file.storyboard; name = Base; path = Base.lproj/LaunchScreen.storyboard; sourceTree = "<group>"; };
		2B7D390524BF01D8000EF7EC /* Info.plist */ = {isa = PBXFileReference; lastKnownFileType = text.plist.xml; path = Info.plist; sourceTree = "<group>"; };
		2B7D390624BF01D8000EF7EC /* main.m */ = {isa = PBXFileReference; lastKnownFileType = sourcecode.c.objc; path = main.m; sourceTree = "<group>"; };
		2B7D390D24BF33CF000EF7EC /* JsonBundle.bundle */ = {isa = PBXFileReference; lastKnownFileType = "wrapper.plug-in"; path = JsonBundle.bundle; sourceTree = "<group>"; };
		2B7D3CB124C012FD000EF7EC /* personMesModel.h */ = {isa = PBXFileReference; lastKnownFileType = sourcecode.c.h; path = personMesModel.h; sourceTree = "<group>"; };
		2B7D3CB224C012FE000EF7EC /* personMesModel.m */ = {isa = PBXFileReference; lastKnownFileType = sourcecode.c.objc; path = personMesModel.m; sourceTree = "<group>"; };
		30EE88B6587BB973E05EA224 /* Pods-homework_1_ocBasics.debug.xcconfig */ = {isa = PBXFileReference; includeInIndex = 1; lastKnownFileType = text.xcconfig; name = "Pods-homework_1_ocBasics.debug.xcconfig"; path = "Target Support Files/Pods-homework_1_ocBasics/Pods-homework_1_ocBasics.debug.xcconfig"; sourceTree = "<group>"; };
		C2DA61B293521E3C953F34BD /* Pods-homework_1_ocBasics.release.xcconfig */ = {isa = PBXFileReference; includeInIndex = 1; lastKnownFileType = text.xcconfig; name = "Pods-homework_1_ocBasics.release.xcconfig"; path = "Target Support Files/Pods-homework_1_ocBasics/Pods-homework_1_ocBasics.release.xcconfig"; sourceTree = "<group>"; };
/* End PBXFileReference section */

/* Begin PBXFrameworksBuildPhase section */
		2B7D38EE24BF01D6000EF7EC /* Frameworks */ = {
			isa = PBXFrameworksBuildPhase;
			buildActionMask = 2147483647;
			files = (
				215D95A769D14AC2F6EF46A5 /* Pods_homework_1_ocBasics.framework in Frameworks */,
			);
			runOnlyForDeploymentPostprocessing = 0;
		};
/* End PBXFrameworksBuildPhase section */

/* Begin PBXGroup section */
		2B7D38E824BF01D6000EF7EC = {
			isa = PBXGroup;
			children = (
				2B7D390D24BF33CF000EF7EC /* JsonBundle.bundle */,
				2B7D38F324BF01D6000EF7EC /* homework_1_ocBasics */,
				2B7D38F224BF01D6000EF7EC /* Products */,
				4B8B5C55A91D9A4A517CB020 /* Pods */,
				AC277D6B1E10BE820D835D56 /* Frameworks */,
			);
			sourceTree = "<group>";
		};
		2B7D38F224BF01D6000EF7EC /* Products */ = {
			isa = PBXGroup;
			children = (
				2B7D38F124BF01D6000EF7EC /* homework_1_ocBasics.app */,
			);
			name = Products;
			sourceTree = "<group>";
		};
		2B7D38F324BF01D6000EF7EC /* homework_1_ocBasics */ = {
			isa = PBXGroup;
			children = (
				2B7D38F424BF01D6000EF7EC /* AppDelegate.h */,
				2B7D38F524BF01D6000EF7EC /* AppDelegate.m */,
				2B7D38FA24BF01D6000EF7EC /* ViewController.h */,
				2B7D38FB24BF01D6000EF7EC /* ViewController.m */,
				2B7D390024BF01D8000EF7EC /* Assets.xcassets */,
				2B7D390224BF01D8000EF7EC /* LaunchScreen.storyboard */,
				2B7D390524BF01D8000EF7EC /* Info.plist */,
				2B7D390624BF01D8000EF7EC /* main.m */,
				2B7D3CB124C012FD000EF7EC /* personMesModel.h */,
				2B7D3CB224C012FE000EF7EC /* personMesModel.m */,
			);
			path = homework_1_ocBasics;
			sourceTree = "<group>";
		};
		4B8B5C55A91D9A4A517CB020 /* Pods */ = {
			isa = PBXGroup;
			children = (
				30EE88B6587BB973E05EA224 /* Pods-homework_1_ocBasics.debug.xcconfig */,
				C2DA61B293521E3C953F34BD /* Pods-homework_1_ocBasics.release.xcconfig */,
			);
			path = Pods;
			sourceTree = "<group>";
		};
		AC277D6B1E10BE820D835D56 /* Frameworks */ = {
			isa = PBXGroup;
			children = (
				05E96D6748BD75B190B2B317 /* Pods_homework_1_ocBasics.framework */,
			);
			name = Frameworks;
			sourceTree = "<group>";
		};
/* End PBXGroup section */

/* Begin PBXNativeTarget section */
		2B7D38F024BF01D6000EF7EC /* homework_1_ocBasics */ = {
			isa = PBXNativeTarget;
			buildConfigurationList = 2B7D390A24BF01D8000EF7EC /* Build configuration list for PBXNativeTarget "homework_1_ocBasics" */;
			buildPhases = (
				646BAAA7F70D062B28288DC6 /* [CP] Check Pods Manifest.lock */,
				2B7D38ED24BF01D6000EF7EC /* Sources */,
				2B7D38EE24BF01D6000EF7EC /* Frameworks */,
				2B7D38EF24BF01D6000EF7EC /* Resources */,
				39072A3038A9E406E493D75E /* [CP] Embed Pods Frameworks */,
			);
			buildRules = (
			);
			dependencies = (
			);
			name = homework_1_ocBasics;
			productName = homework_1_ocBasics;
			productReference = 2B7D38F124BF01D6000EF7EC /* homework_1_ocBasics.app */;
			productType = "com.apple.product-type.application";
		};
/* End PBXNativeTarget section */

/* Begin PBXProject section */
		2B7D38E924BF01D6000EF7EC /* Project object */ = {
			isa = PBXProject;
			attributes = {
				LastUpgradeCheck = 1150;
				ORGANIZATIONNAME = Bytedance;
				TargetAttributes = {
					2B7D38F024BF01D6000EF7EC = {
						CreatedOnToolsVersion = 11.5;
					};
				};
			};
			buildConfigurationList = 2B7D38EC24BF01D6000EF7EC /* Build configuration list for PBXProject "homework_1_ocBasics" */;
			compatibilityVersion = "Xcode 9.3";
			developmentRegion = en;
			hasScannedForEncodings = 0;
			knownRegions = (
				en,
				Base,
			);
			mainGroup = 2B7D38E824BF01D6000EF7EC;
			productRefGroup = 2B7D38F224BF01D6000EF7EC /* Products */;
			projectDirPath = "";
			projectRoot = "";
			targets = (
				2B7D38F024BF01D6000EF7EC /* homework_1_ocBasics */,
			);
		};
/* End PBXProject section */

/* Begin PBXResourcesBuildPhase section */
		2B7D38EF24BF01D6000EF7EC /* Resources */ = {
			isa = PBXResourcesBuildPhase;
			buildActionMask = 2147483647;
			files = (
				2B7D390424BF01D8000EF7EC /* LaunchScreen.storyboard in Resources */,
				2B7D390124BF01D8000EF7EC /* Assets.xcassets in Resources */,
				2B7D390E24BF33CF000EF7EC /* JsonBundle.bundle in Resources */,
			);
			runOnlyForDeploymentPostprocessing = 0;
		};
/* End PBXResourcesBuildPhase section */

/* Begin PBXShellScriptBuildPhase section */
		39072A3038A9E406E493D75E /* [CP] Embed Pods Frameworks */ = {
			isa = PBXShellScriptBuildPhase;
			buildActionMask = 2147483647;
			files = (
			);
			inputFileListPaths = (
				"${PODS_ROOT}/Target Support Files/Pods-homework_1_ocBasics/Pods-homework_1_ocBasics-frameworks-${CONFIGURATION}-input-files.xcfilelist",
			);
			name = "[CP] Embed Pods Frameworks";
			outputFileListPaths = (
				"${PODS_ROOT}/Target Support Files/Pods-homework_1_ocBasics/Pods-homework_1_ocBasics-frameworks-${CONFIGURATION}-output-files.xcfilelist",
			);
			runOnlyForDeploymentPostprocessing = 0;
			shellPath = /bin/sh;
			shellScript = "\"${PODS_ROOT}/Target Support Files/Pods-homework_1_ocBasics/Pods-homework_1_ocBasics-frameworks.sh\"\n";
			showEnvVarsInLog = 0;
		};
		646BAAA7F70D062B28288DC6 /* [CP] Check Pods Manifest.lock */ = {
			isa = PBXShellScriptBuildPhase;
			buildActionMask = 2147483647;
			files = (
			);
			inputFileListPaths = (
			);
			inputPaths = (
				"${PODS_PODFILE_DIR_PATH}/Podfile.lock",
				"${PODS_ROOT}/Manifest.lock",
			);
			name = "[CP] Check Pods Manifest.lock";
			outputFileListPaths = (
			);
			outputPaths = (
				"$(DERIVED_FILE_DIR)/Pods-homework_1_ocBasics-checkManifestLockResult.txt",
			);
			runOnlyForDeploymentPostprocessing = 0;
			shellPath = /bin/sh;
			shellScript = "diff \"${PODS_PODFILE_DIR_PATH}/Podfile.lock\" \"${PODS_ROOT}/Manifest.lock\" > /dev/null\nif [ $? != 0 ] ; then\n    # print error to STDERR\n    echo \"error: The sandbox is not in sync with the Podfile.lock. Run 'pod install' or update your CocoaPods installation.\" >&2\n    exit 1\nfi\n# This output is used by Xcode 'outputs' to avoid re-running this script phase.\necho \"SUCCESS\" > \"${SCRIPT_OUTPUT_FILE_0}\"\n";
			showEnvVarsInLog = 0;
		};
/* End PBXShellScriptBuildPhase section */

/* Begin PBXSourcesBuildPhase section */
		2B7D38ED24BF01D6000EF7EC /* Sources */ = {
			isa = PBXSourcesBuildPhase;
			buildActionMask = 2147483647;
			files = (
				2B7D3CB324C012FE000EF7EC /* personMesModel.m in Sources */,
				2B7D38FC24BF01D6000EF7EC /* ViewController.m in Sources */,
				2B7D38F624BF01D6000EF7EC /* AppDelegate.m in Sources */,
				2B7D390724BF01D8000EF7EC /* main.m in Sources */,
			);
			runOnlyForDeploymentPostprocessing = 0;
		};
/* End PBXSourcesBuildPhase section */

/* Begin PBXVariantGroup section */
		2B7D390224BF01D8000EF7EC /* LaunchScreen.storyboard */ = {
			isa = PBXVariantGroup;
			children = (
				2B7D390324BF01D8000EF7EC /* Base */,
			);
			name = LaunchScreen.storyboard;
			sourceTree = "<group>";
		};
/* End PBXVariantGroup section */

/* Begin XCBuildConfiguration section */
		2B7D390824BF01D8000EF7EC /* Debug */ = {
			isa = XCBuildConfiguration;
			buildSettings = {
				ALWAYS_SEARCH_USER_PATHS = NO;
				CLANG_ANALYZER_NONNULL = YES;
				CLANG_ANALYZER_NUMBER_OBJECT_CONVERSION = YES_AGGRESSIVE;
				CLANG_CXX_LANGUAGE_STANDARD = "gnu++14";
				CLANG_CXX_LIBRARY = "libc++";
				CLANG_ENABLE_MODULES = YES;
				CLANG_ENABLE_OBJC_ARC = YES;
				CLANG_ENABLE_OBJC_WEAK = YES;
				CLANG_WARN_BLOCK_CAPTURE_AUTORELEASING = YES;
				CLANG_WARN_BOOL_CONVERSION = YES;
				CLANG_WARN_COMMA = YES;
				CLANG_WARN_CONSTANT_CONVERSION = YES;
				CLANG_WARN_DEPRECATED_OBJC_IMPLEMENTATIONS = YES;
				CLANG_WARN_DIRECT_OBJC_ISA_USAGE = YES_ERROR;
				CLANG_WARN_DOCUMENTATION_COMMENTS = YES;
				CLANG_WARN_EMPTY_BODY = YES;
				CLANG_WARN_ENUM_CONVERSION = YES;
				CLANG_WARN_INFINITE_RECURSION = YES;
				CLANG_WARN_INT_CONVERSION = YES;
				CLANG_WARN_NON_LITERAL_NULL_CONVERSION = YES;
				CLANG_WARN_OBJC_IMPLICIT_RETAIN_SELF = YES;
				CLANG_WARN_OBJC_LITERAL_CONVERSION = YES;
				CLANG_WARN_OBJC_ROOT_CLASS = YES_ERROR;
				CLANG_WARN_RANGE_LOOP_ANALYSIS = YES;
				CLANG_WARN_STRICT_PROTOTYPES = YES;
				CLANG_WARN_SUSPICIOUS_MOVE = YES;
				CLANG_WARN_UNGUARDED_AVAILABILITY = YES_AGGRESSIVE;
				CLANG_WARN_UNREACHABLE_CODE = YES;
				CLANG_WARN__DUPLICATE_METHOD_MATCH = YES;
				COPY_PHASE_STRIP = NO;
				DEBUG_INFORMATION_FORMAT = dwarf;
				ENABLE_STRICT_OBJC_MSGSEND = YES;
				ENABLE_TESTABILITY = YES;
				GCC_C_LANGUAGE_STANDARD = gnu11;
				GCC_DYNAMIC_NO_PIC = NO;
				GCC_NO_COMMON_BLOCKS = YES;
				GCC_OPTIMIZATION_LEVEL = 0;
				GCC_PREPROCESSOR_DEFINITIONS = (
					"DEBUG=1",
					"$(inherited)",
				);
				GCC_WARN_64_TO_32_BIT_CONVERSION = YES;
				GCC_WARN_ABOUT_RETURN_TYPE = YES_ERROR;
				GCC_WARN_UNDECLARED_SELECTOR = YES;
				GCC_WARN_UNINITIALIZED_AUTOS = YES_AGGRESSIVE;
				GCC_WARN_UNUSED_FUNCTION = YES;
				GCC_WARN_UNUSED_VARIABLE = YES;
				IPHONEOS_DEPLOYMENT_TARGET = 13.5;
				MTL_ENABLE_DEBUG_INFO = INCLUDE_SOURCE;
				MTL_FAST_MATH = YES;
				ONLY_ACTIVE_ARCH = YES;
				SDKROOT = iphoneos;
			};
			name = Debug;
		};
		2B7D390924BF01D8000EF7EC /* Release */ = {
			isa = XCBuildConfiguration;
			buildSettings = {
				ALWAYS_SEARCH_USER_PATHS = NO;
				CLANG_ANALYZER_NONNULL = YES;
				CLANG_ANALYZER_NUMBER_OBJECT_CONVERSION = YES_AGGRESSIVE;
				CLANG_CXX_LANGUAGE_STANDARD = "gnu++14";
				CLANG_CXX_LIBRARY = "libc++";
				CLANG_ENABLE_MODULES = YES;
				CLANG_ENABLE_OBJC_ARC = YES;
				CLANG_ENABLE_OBJC_WEAK = YES;
				CLANG_WARN_BLOCK_CAPTURE_AUTORELEASING = YES;
				CLANG_WARN_BOOL_CONVERSION = YES;
				CLANG_WARN_COMMA = YES;
				CLANG_WARN_CONSTANT_CONVERSION = YES;
				CLANG_WARN_DEPRECATED_OBJC_IMPLEMENTATIONS = YES;
				CLANG_WARN_DIRECT_OBJC_ISA_USAGE = YES_ERROR;
				CLANG_WARN_DOCUMENTATION_COMMENTS = YES;
				CLANG_WARN_EMPTY_BODY = YES;
				CLANG_WARN_ENUM_CONVERSION = YES;
				CLANG_WARN_INFINITE_RECURSION = YES;
				CLANG_WARN_INT_CONVERSION = YES;
				CLANG_WARN_NON_LITERAL_NULL_CONVERSION = YES;
				CLANG_WARN_OBJC_IMPLICIT_RETAIN_SELF = YES;
				CLANG_WARN_OBJC_LITERAL_CONVERSION = YES;
				CLANG_WARN_OBJC_ROOT_CLASS = YES_ERROR;
				CLANG_WARN_RANGE_LOOP_ANALYSIS = YES;
				CLANG_WARN_STRICT_PROTOTYPES = YES;
				CLANG_WARN_SUSPICIOUS_MOVE = YES;
				CLANG_WARN_UNGUARDED_AVAILABILITY = YES_AGGRESSIVE;
				CLANG_WARN_UNREACHABLE_CODE = YES;
				CLANG_WARN__DUPLICATE_METHOD_MATCH = YES;
				COPY_PHASE_STRIP = NO;
				DEBUG_INFORMATION_FORMAT = "dwarf-with-dsym";
				ENABLE_NS_ASSERTIONS = NO;
				ENABLE_STRICT_OBJC_MSGSEND = YES;
				GCC_C_LANGUAGE_STANDARD = gnu11;
				GCC_NO_COMMON_BLOCKS = YES;
				GCC_WARN_64_TO_32_BIT_CONVERSION = YES;
				GCC_WARN_ABOUT_RETURN_TYPE = YES_ERROR;
				GCC_WARN_UNDECLARED_SELECTOR = YES;
				GCC_WARN_UNINITIALIZED_AUTOS = YES_AGGRESSIVE;
				GCC_WARN_UNUSED_FUNCTION = YES;
				GCC_WARN_UNUSED_VARIABLE = YES;
				IPHONEOS_DEPLOYMENT_TARGET = 13.5;
				MTL_ENABLE_DEBUG_INFO = NO;
				MTL_FAST_MATH = YES;
				SDKROOT = iphoneos;
				VALIDATE_PRODUCT = YES;
			};
			name = Release;
		};
		2B7D390B24BF01D8000EF7EC /* Debug */ = {
			isa = XCBuildConfiguration;
			baseConfigurationReference = 30EE88B6587BB973E05EA224 /* Pods-homework_1_ocBasics.debug.xcconfig */;
			buildSettings = {
				ASSETCATALOG_COMPILER_APPICON_NAME = AppIcon;
				CODE_SIGN_STYLE = Automatic;
				INFOPLIST_FILE = homework_1_ocBasics/Info.plist;
				LD_RUNPATH_SEARCH_PATHS = (
					"$(inherited)",
					"@executable_path/Frameworks",
				);
				PRODUCT_BUNDLE_IDENTIFIER = "LJY.homework-1-ocBasics";
				PRODUCT_NAME = "$(TARGET_NAME)";
				TARGETED_DEVICE_FAMILY = "1,2";
			};
			name = Debug;
		};
		2B7D390C24BF01D8000EF7EC /* Release */ = {
			isa = XCBuildConfiguration;
			baseConfigurationReference = C2DA61B293521E3C953F34BD /* Pods-homework_1_ocBasics.release.xcconfig */;
			buildSettings = {
				ASSETCATALOG_COMPILER_APPICON_NAME = AppIcon;
				CODE_SIGN_STYLE = Automatic;
				INFOPLIST_FILE = homework_1_ocBasics/Info.plist;
				LD_RUNPATH_SEARCH_PATHS = (
					"$(inherited)",
					"@executable_path/Frameworks",
				);
				PRODUCT_BUNDLE_IDENTIFIER = "LJY.homework-1-ocBasics";
				PRODUCT_NAME = "$(TARGET_NAME)";
				TARGETED_DEVICE_FAMILY = "1,2";
			};
			name = Release;
		};
/* End XCBuildConfiguration section */

/* Begin XCConfigurationList section */
		2B7D38EC24BF01D6000EF7EC /* Build configuration list for PBXProject "homework_1_ocBasics" */ = {
			isa = XCConfigurationList;
			buildConfigurations = (
				2B7D390824BF01D8000EF7EC /* Debug */,
				2B7D390924BF01D8000EF7EC /* Release */,
			);
			defaultConfigurationIsVisible = 0;
			defaultConfigurationName = Release;
		};
		2B7D390A24BF01D8000EF7EC /* Build configuration list for PBXNativeTarget "homework_1_ocBasics" */ = {
			isa = XCConfigurationList;
			buildConfigurations = (
				2B7D390B24BF01D8000EF7EC /* Debug */,
				2B7D390C24BF01D8000EF7EC /* Release */,
			);
			defaultConfigurationIsVisible = 0;
			defaultConfigurationName = Release;
		};
/* End XCConfigurationList section */
	};
	rootObject = 2B7D38E924BF01D6000EF7EC /* Project object */;
}
